
Microsoft Visual Studio Solution File, Format Version 12.00
# Visual Studio 16
VisualStudioVersion = 16.2.0
MinimumVisualStudioVersion = 10.0.40219.1
Project("{FAE04EC0-301F-11D3-BF4B-00C04F79EFBC}") = "CompanyName.ApplicationName", "CompanyName.ApplicationName\CompanyName.ApplicationName.csproj", "{78B7CF4A-4930-4210-A88D-7799A33365DA}"
EndProject
Project("{FAE04EC0-301F-11D3-BF4B-00C04F79EFBC}") = "CompanyName.ApplicationName.Converters", "CompanyName.ApplicationName.Converters\CompanyName.ApplicationName.Converters.csproj", "{8C61C064-B4F1-43C1-BB94-F98B3118B558}"
EndProject
Project("{FAE04EC0-301F-11D3-BF4B-00C04F79EFBC}") = "CompanyName.ApplicationName.DataAccess", "CompanyName.ApplicationName.DataAccess\CompanyName.ApplicationName.DataAccess.csproj", "{76A74596-E2DC-4AB7-9A40-4870B65139D8}"
EndProject
Project("{FAE04EC0-301F-11D3-BF4B-00C04F79EFBC}") = "CompanyName.ApplicationName.Extensions", "CompanyName.ApplicationName.Extensions\CompanyName.ApplicationName.Extensions.csproj", "{00230E4C-30A4-44D4-9DAD-C775C0022D04}"
EndProject
Project("{FAE04EC0-301F-11D3-BF4B-00C04F79EFBC}") = "CompanyName.ApplicationName.Managers", "CompanyName.ApplicationName.Managers\CompanyName.ApplicationName.Managers.csproj", "{887E2274-1469-419C-9495-6C0C822CEC67}"
EndProject
Project("{FAE04EC0-301F-11D3-BF4B-00C04F79EFBC}") = "CompanyName.ApplicationName.Models", "CompanyName.ApplicationName.Models\CompanyName.ApplicationName.Models.csproj", "{96954C4E-A21F-4BCD-A2B9-CAFDA0C370BD}"
EndProject
Project("{FAE04EC0-301F-11D3-BF4B-00C04F79EFBC}") = "CompanyName.ApplicationName.ViewModels", "CompanyName.ApplicationName.ViewModels\CompanyName.ApplicationName.ViewModels.csproj", "{9E2CBD3F-91DA-46A7-BC62-C04093AAC116}"
EndProject
Project("{FAE04EC0-301F-11D3-BF4B-00C04F79EFBC}") = "CompanyName.ApplicationName.Views", "CompanyName.ApplicationName.Views\CompanyName.ApplicationName.Views.csproj", "{577589B6-BEC9-412B-B40E-E50E50F99AAC}"
EndProject
Project("{FAE04EC0-301F-11D3-BF4B-00C04F79EFBC}") = "CompanyName.ApplicationName.DataModels", "CompanyName.ApplicationName.DataModels\CompanyName.ApplicationName.DataModels.csproj", "{E99068CD-2097-4C32-A9E8-A5C937A59102}"
EndProject
Project("{FAE04EC0-301F-11D3-BF4B-00C04F79EFBC}") = "Test.CompanyName.ApplicationName.Models", "Test.CompanyName.ApplicationName.Models\Test.CompanyName.ApplicationName.Models.csproj", "{5AEE650F-8ACB-4D25-87DD-59803F9628E4}"
EndProject
Project("{FAE04EC0-301F-11D3-BF4B-00C04F79EFBC}") = "Test.CompanyName.ApplicationName.Mocks", "Test.CompanyName.ApplicationName.Mocks\Test.CompanyName.ApplicationName.Mocks.csproj", "{A98A8E4C-74B5-405B-9C8C-545D739B56E7}"
EndProject
Project("{FAE04EC0-301F-11D3-BF4B-00C04F79EFBC}") = "CompanyName.ApplicationName.Resources", "CompanyName.ApplicationName.Resources\CompanyName.ApplicationName.Resources.csproj", "{B10F5D1E-2028-4462-823A-4E40E75016AC}"
EndProject
Project("{FAE04EC0-301F-11D3-BF4B-00C04F79EFBC}") = "CompanyName.ApplicationName.CustomControls", "CompanyName.ApplicationName.CustomControls\CompanyName.ApplicationName.CustomControls.csproj", "{DEB5A471-4837-42DA-B639-8F86BFECD698}"
EndProject
Global
	GlobalSection(SolutionConfigurationPlatforms) = preSolution
		CD_ROM|Any CPU = CD_ROM|Any CPU
		CD_ROM|x64 = CD_ROM|x64
		CD_ROM|x86 = CD_ROM|x86
		Debug|Any CPU = Debug|Any CPU
		Debug|x64 = Debug|x64
		Debug|x86 = Debug|x86
		DVD-5|Any CPU = DVD-5|Any CPU
		DVD-5|x64 = DVD-5|x64
		DVD-5|x86 = DVD-5|x86
		Release|Any CPU = Release|Any CPU
		Release|x64 = Release|x64
		Release|x86 = Release|x86
		SingleImage|Any CPU = SingleImage|Any CPU
		SingleImage|x64 = SingleImage|x64
		SingleImage|x86 = SingleImage|x86
	EndGlobalSection
	GlobalSection(ProjectConfigurationPlatforms) = postSolution
		{78B7CF4A-4930-4210-A88D-7799A33365DA}.CD_ROM|Any CPU.ActiveCfg = Release|Any CPU
		{78B7CF4A-4930-4210-A88D-7799A33365DA}.CD_ROM|Any CPU.Build.0 = Release|Any CPU
		{78B7CF4A-4930-4210-A88D-7799A33365DA}.CD_ROM|x64.ActiveCfg = Release|x64
		{78B7CF4A-4930-4210-A88D-7799A33365DA}.CD_ROM|x64.Build.0 = Release|x64
		{78B7CF4A-4930-4210-A88D-7799A33365DA}.CD_ROM|x86.ActiveCfg = Release|x86
		{78B7CF4A-4930-4210-A88D-7799A33365DA}.CD_ROM|x86.Build.0 = Release|x86
		{78B7CF4A-4930-4210-A88D-7799A33365DA}.Debug|Any CPU.ActiveCfg = Debug|Any CPU
		{78B7CF4A-4930-4210-A88D-7799A33365DA}.Debug|Any CPU.Build.0 = Debug|Any CPU
		{78B7CF4A-4930-4210-A88D-7799A33365DA}.Debug|x64.ActiveCfg = Debug|x64
		{78B7CF4A-4930-4210-A88D-7799A33365DA}.Debug|x64.Build.0 = Debug|x64
		{78B7CF4A-4930-4210-A88D-7799A33365DA}.Debug|x86.ActiveCfg = Debug|x86
		{78B7CF4A-4930-4210-A88D-7799A33365DA}.Debug|x86.Build.0 = Debug|x86
		{78B7CF4A-4930-4210-A88D-7799A33365DA}.DVD-5|Any CPU.ActiveCfg = Debug|Any CPU
		{78B7CF4A-4930-4210-A88D-7799A33365DA}.DVD-5|Any CPU.Build.0 = Debug|Any CPU
		{78B7CF4A-4930-4210-A88D-7799A33365DA}.DVD-5|x64.ActiveCfg = Debug|x64
		{78B7CF4A-4930-4210-A88D-7799A33365DA}.DVD-5|x64.Build.0 = Debug|x64
		{78B7CF4A-4930-4210-A88D-7799A33365DA}.DVD-5|x86.ActiveCfg = Debug|x86
		{78B7CF4A-4930-4210-A88D-7799A33365DA}.DVD-5|x86.Build.0 = Debug|x86
		{78B7CF4A-4930-4210-A88D-7799A33365DA}.Release|Any CPU.ActiveCfg = Release|Any CPU
		{78B7CF4A-4930-4210-A88D-7799A33365DA}.Release|Any CPU.Build.0 = Release|Any CPU
		{78B7CF4A-4930-4210-A88D-7799A33365DA}.Release|x64.ActiveCfg = Release|x64
		{78B7CF4A-4930-4210-A88D-7799A33365DA}.Release|x64.Build.0 = Release|x64
		{78B7CF4A-4930-4210-A88D-7799A33365DA}.Release|x86.ActiveCfg = Release|x86
		{78B7CF4A-4930-4210-A88D-7799A33365DA}.Release|x86.Build.0 = Release|x86
		{78B7CF4A-4930-4210-A88D-7799A33365DA}.SingleImage|Any CPU.ActiveCfg = Release|Any CPU
		{78B7CF4A-4930-4210-A88D-7799A33365DA}.SingleImage|Any CPU.Build.0 = Release|Any CPU
		{78B7CF4A-4930-4210-A88D-7799A33365DA}.SingleImage|x64.ActiveCfg = Release|x64
		{78B7CF4A-4930-4210-A88D-7799A33365DA}.SingleImage|x64.Build.0 = Release|x64
		{78B7CF4A-4930-4210-A88D-7799A33365DA}.SingleImage|x86.ActiveCfg = Release|x86
		{78B7CF4A-4930-4210-A88D-7799A33365DA}.SingleImage|x86.Build.0 = Release|x86
		{8C61C064-B4F1-43C1-BB94-F98B3118B558}.CD_ROM|Any CPU.ActiveCfg = Release|Any CPU
		{8C61C064-B4F1-43C1-BB94-F98B3118B558}.CD_ROM|Any CPU.Build.0 = Release|Any CPU
		{8C61C064-B4F1-43C1-BB94-F98B3118B558}.CD_ROM|x64.ActiveCfg = Release|x64
		{8C61C064-B4F1-43C1-BB94-F98B3118B558}.CD_ROM|x64.Build.0 = Release|x64
		{8C61C064-B4F1-43C1-BB94-F98B3118B558}.CD_ROM|x86.ActiveCfg = Release|x86
		{8C61C064-B4F1-43C1-BB94-F98B3118B558}.CD_ROM|x86.Build.0 = Release|x86
		{8C61C064-B4F1-43C1-BB94-F98B3118B558}.Debug|Any CPU.ActiveCfg = Debug|Any CPU
		{8C61C064-B4F1-43C1-BB94-F98B3118B558}.Debug|Any CPU.Build.0 = Debug|Any CPU
		{8C61C064-B4F1-43C1-BB94-F98B3118B558}.Debug|x64.ActiveCfg = Debug|x64
		{8C61C064-B4F1-43C1-BB94-F98B3118B558}.Debug|x64.Build.0 = Debug|x64
		{8C61C064-B4F1-43C1-BB94-F98B3118B558}.Debug|x86.ActiveCfg = Debug|x86
		{8C61C064-B4F1-43C1-BB94-F98B3118B558}.Debug|x86.Build.0 = Debug|x86
		{8C61C064-B4F1-43C1-BB94-F98B3118B558}.DVD-5|Any CPU.ActiveCfg = Debug|Any CPU
		{8C61C064-B4F1-43C1-BB94-F98B3118B558}.DVD-5|Any CPU.Build.0 = Debug|Any CPU
		{8C61C064-B4F1-43C1-BB94-F98B3118B558}.DVD-5|x64.ActiveCfg = Debug|x64
		{8C61C064-B4F1-43C1-BB94-F98B3118B558}.DVD-5|x64.Build.0 = Debug|x64
		{8C61C064-B4F1-43C1-BB94-F98B3118B558}.DVD-5|x86.ActiveCfg = Debug|x86
		{8C61C064-B4F1-43C1-BB94-F98B3118B558}.DVD-5|x86.Build.0 = Debug|x86
		{8C61C064-B4F1-43C1-BB94-F98B3118B558}.Release|Any CPU.ActiveCfg = Release|Any CPU
		{8C61C064-B4F1-43C1-BB94-F98B3118B558}.Release|Any CPU.Build.0 = Release|Any CPU
		{8C61C064-B4F1-43C1-BB94-F98B3118B558}.Release|x64.ActiveCfg = Release|x64
		{8C61C064-B4F1-43C1-BB94-F98B3118B558}.Release|x64.Build.0 = Release|x64
		{8C61C064-B4F1-43C1-BB94-F98B3118B558}.Release|x86.ActiveCfg = Release|x86
		{8C61C064-B4F1-43C1-BB94-F98B3118B558}.Release|x86.Build.0 = Release|x86
		{8C61C064-B4F1-43C1-BB94-F98B3118B558}.SingleImage|Any CPU.ActiveCfg = Release|Any CPU
		{8C61C064-B4F1-43C1-BB94-F98B3118B558}.SingleImage|Any CPU.Build.0 = Release|Any CPU
		{8C61C064-B4F1-43C1-BB94-F98B3118B558}.SingleImage|x64.ActiveCfg = Release|x64
		{8C61C064-B4F1-43C1-BB94-F98B3118B558}.SingleImage|x64.Build.0 = Release|x64
		{8C61C064-B4F1-43C1-BB94-F98B3118B558}.SingleImage|x86.ActiveCfg = Release|x86
		{8C61C064-B4F1-43C1-BB94-F98B3118B558}.SingleImage|x86.Build.0 = Release|x86
		{76A74596-E2DC-4AB7-9A40-4870B65139D8}.CD_ROM|Any CPU.ActiveCfg = Release|Any CPU
		{76A74596-E2DC-4AB7-9A40-4870B65139D8}.CD_ROM|Any CPU.Build.0 = Release|Any CPU
		{76A74596-E2DC-4AB7-9A40-4870B65139D8}.CD_ROM|x64.ActiveCfg = Release|x64
		{76A74596-E2DC-4AB7-9A40-4870B65139D8}.CD_ROM|x64.Build.0 = Release|x64
		{76A74596-E2DC-4AB7-9A40-4870B65139D8}.CD_ROM|x86.ActiveCfg = Release|x86
		{76A74596-E2DC-4AB7-9A40-4870B65139D8}.CD_ROM|x86.Build.0 = Release|x86
		{76A74596-E2DC-4AB7-9A40-4870B65139D8}.Debug|Any CPU.ActiveCfg = Debug|Any CPU
		{76A74596-E2DC-4AB7-9A40-4870B65139D8}.Debug|Any CPU.Build.0 = Debug|Any CPU
		{76A74596-E2DC-4AB7-9A40-4870B65139D8}.Debug|x64.ActiveCfg = Debug|x64
		{76A74596-E2DC-4AB7-9A40-4870B65139D8}.Debug|x64.Build.0 = Debug|x64
		{76A74596-E2DC-4AB7-9A40-4870B65139D8}.Debug|x86.ActiveCfg = Debug|x86
		{76A74596-E2DC-4AB7-9A40-4870B65139D8}.Debug|x86.Build.0 = Debug|x86
		{76A74596-E2DC-4AB7-9A40-4870B65139D8}.DVD-5|Any CPU.ActiveCfg = Debug|Any CPU
		{76A74596-E2DC-4AB7-9A40-4870B65139D8}.DVD-5|Any CPU.Build.0 = Debug|Any CPU
		{76A74596-E2DC-4AB7-9A40-4870B65139D8}.DVD-5|x64.ActiveCfg = Debug|x64
		{76A74596-E2DC-4AB7-9A40-4870B65139D8}.DVD-5|x64.Build.0 = Debug|x64
		{76A74596-E2DC-4AB7-9A40-4870B65139D8}.DVD-5|x86.ActiveCfg = Debug|x86
		{76A74596-E2DC-4AB7-9A40-4870B65139D8}.DVD-5|x86.Build.0 = Debug|x86
		{76A74596-E2DC-4AB7-9A40-4870B65139D8}.Release|Any CPU.ActiveCfg = Release|Any CPU
		{76A74596-E2DC-4AB7-9A40-4870B65139D8}.Release|Any CPU.Build.0 = Release|Any CPU
		{76A74596-E2DC-4AB7-9A40-4870B65139D8}.Release|x64.ActiveCfg = Release|x64
		{76A74596-E2DC-4AB7-9A40-4870B65139D8}.Release|x64.Build.0 = Release|x64
		{76A74596-E2DC-4AB7-9A40-4870B65139D8}.Release|x86.ActiveCfg = Release|x86
		{76A74596-E2DC-4AB7-9A40-4870B65139D8}.Release|x86.Build.0 = Release|x86
		{76A74596-E2DC-4AB7-9A40-4870B65139D8}.SingleImage|Any CPU.ActiveCfg = Release|Any CPU
		{76A74596-E2DC-4AB7-9A40-4870B65139D8}.SingleImage|Any CPU.Build.0 = Release|Any CPU
		{76A74596-E2DC-4AB7-9A40-4870B65139D8}.SingleImage|x64.ActiveCfg = Release|x64
		{76A74596-E2DC-4AB7-9A40-4870B65139D8}.SingleImage|x64.Build.0 = Release|x64
		{76A74596-E2DC-4AB7-9A40-4870B65139D8}.SingleImage|x86.ActiveCfg = Release|x86
		{76A74596-E2DC-4AB7-9A40-4870B65139D8}.SingleImage|x86.Build.0 = Release|x86
		{00230E4C-30A4-44D4-9DAD-C775C0022D04}.CD_ROM|Any CPU.ActiveCfg = Release|Any CPU
		{00230E4C-30A4-44D4-9DAD-C775C0022D04}.CD_ROM|Any CPU.Build.0 = Release|Any CPU
		{00230E4C-30A4-44D4-9DAD-C775C0022D04}.CD_ROM|x64.ActiveCfg = Release|x64
		{00230E4C-30A4-44D4-9DAD-C775C0022D04}.CD_ROM|x64.Build.0 = Release|x64
		{00230E4C-30A4-44D4-9DAD-C775C0022D04}.CD_ROM|x86.ActiveCfg = Release|x86
		{00230E4C-30A4-44D4-9DAD-C775C0022D04}.CD_ROM|x86.Build.0 = Release|x86
		{00230E4C-30A4-44D4-9DAD-C775C0022D04}.Debug|Any CPU.ActiveCfg = Debug|Any CPU
		{00230E4C-30A4-44D4-9DAD-C775C0022D04}.Debug|Any CPU.Build.0 = Debug|Any CPU
		{00230E4C-30A4-44D4-9DAD-C775C0022D04}.Debug|x64.ActiveCfg = Debug|x64
		{00230E4C-30A4-44D4-9DAD-C775C0022D04}.Debug|x64.Build.0 = Debug|x64
		{00230E4C-30A4-44D4-9DAD-C775C0022D04}.Debug|x86.ActiveCfg = Debug|x86
		{00230E4C-30A4-44D4-9DAD-C775C0022D04}.Debug|x86.Build.0 = Debug|x86
		{00230E4C-30A4-44D4-9DAD-C775C0022D04}.DVD-5|Any CPU.ActiveCfg = Debug|Any CPU
		{00230E4C-30A4-44D4-9DAD-C775C0022D04}.DVD-5|Any CPU.Build.0 = Debug|Any CPU
		{00230E4C-30A4-44D4-9DAD-C775C0022D04}.DVD-5|x64.ActiveCfg = Debug|x64
		{00230E4C-30A4-44D4-9DAD-C775C0022D04}.DVD-5|x64.Build.0 = Debug|x64
		{00230E4C-30A4-44D4-9DAD-C775C0022D04}.DVD-5|x86.ActiveCfg = Debug|x86
		{00230E4C-30A4-44D4-9DAD-C775C0022D04}.DVD-5|x86.Build.0 = Debug|x86
		{00230E4C-30A4-44D4-9DAD-C775C0022D04}.Release|Any CPU.ActiveCfg = Release|Any CPU
		{00230E4C-30A4-44D4-9DAD-C775C0022D04}.Release|Any CPU.Build.0 = Release|Any CPU
		{00230E4C-30A4-44D4-9DAD-C775C0022D04}.Release|x64.ActiveCfg = Release|x64
		{00230E4C-30A4-44D4-9DAD-C775C0022D04}.Release|x64.Build.0 = Release|x64
		{00230E4C-30A4-44D4-9DAD-C775C0022D04}.Release|x86.ActiveCfg = Release|x86
		{00230E4C-30A4-44D4-9DAD-C775C0022D04}.Release|x86.Build.0 = Release|x86
		{00230E4C-30A4-44D4-9DAD-C775C0022D04}.SingleImage|Any CPU.ActiveCfg = Release|Any CPU
		{00230E4C-30A4-44D4-9DAD-C775C0022D04}.SingleImage|Any CPU.Build.0 = Release|Any CPU
		{00230E4C-30A4-44D4-9DAD-C775C0022D04}.SingleImage|x64.ActiveCfg = Release|x64
		{00230E4C-30A4-44D4-9DAD-C775C0022D04}.SingleImage|x64.Build.0 = Release|x64
		{00230E4C-30A4-44D4-9DAD-C775C0022D04}.SingleImage|x86.ActiveCfg = Release|x86
		{00230E4C-30A4-44D4-9DAD-C775C0022D04}.SingleImage|x86.Build.0 = Release|x86
		{887E2274-1469-419C-9495-6C0C822CEC67}.CD_ROM|Any CPU.ActiveCfg = Release|Any CPU
		{887E2274-1469-419C-9495-6C0C822CEC67}.CD_ROM|Any CPU.Build.0 = Release|Any CPU
		{887E2274-1469-419C-9495-6C0C822CEC67}.CD_ROM|x64.ActiveCfg = Release|x64
		{887E2274-1469-419C-9495-6C0C822CEC67}.CD_ROM|x64.Build.0 = Release|x64
		{887E2274-1469-419C-9495-6C0C822CEC67}.CD_ROM|x86.ActiveCfg = Release|x86
		{887E2274-1469-419C-9495-6C0C822CEC67}.CD_ROM|x86.Build.0 = Release|x86
		{887E2274-1469-419C-9495-6C0C822CEC67}.Debug|Any CPU.ActiveCfg = Debug|Any CPU
		{887E2274-1469-419C-9495-6C0C822CEC67}.Debug|Any CPU.Build.0 = Debug|Any CPU
		{887E2274-1469-419C-9495-6C0C822CEC67}.Debug|x64.ActiveCfg = Debug|x64
		{887E2274-1469-419C-9495-6C0C822CEC67}.Debug|x64.Build.0 = Debug|x64
		{887E2274-1469-419C-9495-6C0C822CEC67}.Debug|x86.ActiveCfg = Debug|x86
		{887E2274-1469-419C-9495-6C0C822CEC67}.Debug|x86.Build.0 = Debug|x86
		{887E2274-1469-419C-9495-6C0C822CEC67}.DVD-5|Any CPU.ActiveCfg = Debug|Any CPU
		{887E2274-1469-419C-9495-6C0C822CEC67}.DVD-5|Any CPU.Build.0 = Debug|Any CPU
		{887E2274-1469-419C-9495-6C0C822CEC67}.DVD-5|x64.ActiveCfg = Debug|x64
		{887E2274-1469-419C-9495-6C0C822CEC67}.DVD-5|x64.Build.0 = Debug|x64
		{887E2274-1469-419C-9495-6C0C822CEC67}.DVD-5|x86.ActiveCfg = Debug|x86
		{887E2274-1469-419C-9495-6C0C822CEC67}.DVD-5|x86.Build.0 = Debug|x86
		{887E2274-1469-419C-9495-6C0C822CEC67}.Release|Any CPU.ActiveCfg = Release|Any CPU
		{887E2274-1469-419C-9495-6C0C822CEC67}.Release|Any CPU.Build.0 = Release|Any CPU
		{887E2274-1469-419C-9495-6C0C822CEC67}.Release|x64.ActiveCfg = Release|x64
		{887E2274-1469-419C-9495-6C0C822CEC67}.Release|x64.Build.0 = Release|x64
		{887E2274-1469-419C-9495-6C0C822CEC67}.Release|x86.ActiveCfg = Release|x86
		{887E2274-1469-419C-9495-6C0C822CEC67}.Release|x86.Build.0 = Release|x86
		{887E2274-1469-419C-9495-6C0C822CEC67}.SingleImage|Any CPU.ActiveCfg = Release|Any CPU
		{887E2274-1469-419C-9495-6C0C822CEC67}.SingleImage|Any CPU.Build.0 = Release|Any CPU
		{887E2274-1469-419C-9495-6C0C822CEC67}.SingleImage|x64.ActiveCfg = Release|x64
		{887E2274-1469-419C-9495-6C0C822CEC67}.SingleImage|x64.Build.0 = Release|x64
		{887E2274-1469-419C-9495-6C0C822CEC67}.SingleImage|x86.ActiveCfg = Release|x86
		{887E2274-1469-419C-9495-6C0C822CEC67}.SingleImage|x86.Build.0 = Release|x86
		{96954C4E-A21F-4BCD-A2B9-CAFDA0C370BD}.CD_ROM|Any CPU.ActiveCfg = Release|Any CPU
		{96954C4E-A21F-4BCD-A2B9-CAFDA0C370BD}.CD_ROM|Any CPU.Build.0 = Release|Any CPU
		{96954C4E-A21F-4BCD-A2B9-CAFDA0C370BD}.CD_ROM|x64.ActiveCfg = Release|x64
		{96954C4E-A21F-4BCD-A2B9-CAFDA0C370BD}.CD_ROM|x64.Build.0 = Release|x64
		{96954C4E-A21F-4BCD-A2B9-CAFDA0C370BD}.CD_ROM|x86.ActiveCfg = Release|x86
		{96954C4E-A21F-4BCD-A2B9-CAFDA0C370BD}.CD_ROM|x86.Build.0 = Release|x86
		{96954C4E-A21F-4BCD-A2B9-CAFDA0C370BD}.Debug|Any CPU.ActiveCfg = Debug|Any CPU
		{96954C4E-A21F-4BCD-A2B9-CAFDA0C370BD}.Debug|Any CPU.Build.0 = Debug|Any CPU
		{96954C4E-A21F-4BCD-A2B9-CAFDA0C370BD}.Debug|x64.ActiveCfg = Debug|x64
		{96954C4E-A21F-4BCD-A2B9-CAFDA0C370BD}.Debug|x64.Build.0 = Debug|x64
		{96954C4E-A21F-4BCD-A2B9-CAFDA0C370BD}.Debug|x86.ActiveCfg = Debug|x86
		{96954C4E-A21F-4BCD-A2B9-CAFDA0C370BD}.Debug|x86.Build.0 = Debug|x86
		{96954C4E-A21F-4BCD-A2B9-CAFDA0C370BD}.DVD-5|Any CPU.ActiveCfg = Debug|Any CPU
		{96954C4E-A21F-4BCD-A2B9-CAFDA0C370BD}.DVD-5|Any CPU.Build.0 = Debug|Any CPU
		{96954C4E-A21F-4BCD-A2B9-CAFDA0C370BD}.DVD-5|x64.ActiveCfg = Debug|x64
		{96954C4E-A21F-4BCD-A2B9-CAFDA0C370BD}.DVD-5|x64.Build.0 = Debug|x64
		{96954C4E-A21F-4BCD-A2B9-CAFDA0C370BD}.DVD-5|x86.ActiveCfg = Debug|x86
		{96954C4E-A21F-4BCD-A2B9-CAFDA0C370BD}.DVD-5|x86.Build.0 = Debug|x86
		{96954C4E-A21F-4BCD-A2B9-CAFDA0C370BD}.Release|Any CPU.ActiveCfg = Release|Any CPU
		{96954C4E-A21F-4BCD-A2B9-CAFDA0C370BD}.Release|Any CPU.Build.0 = Release|Any CPU
		{96954C4E-A21F-4BCD-A2B9-CAFDA0C370BD}.Release|x64.ActiveCfg = Release|x64
		{96954C4E-A21F-4BCD-A2B9-CAFDA0C370BD}.Release|x64.Build.0 = Release|x64
		{96954C4E-A21F-4BCD-A2B9-CAFDA0C370BD}.Release|x86.ActiveCfg = Release|x86
		{96954C4E-A21F-4BCD-A2B9-CAFDA0C370BD}.Release|x86.Build.0 = Release|x86
		{96954C4E-A21F-4BCD-A2B9-CAFDA0C370BD}.SingleImage|Any CPU.ActiveCfg = Release|Any CPU
		{96954C4E-A21F-4BCD-A2B9-CAFDA0C370BD}.SingleImage|Any CPU.Build.0 = Release|Any CPU
		{96954C4E-A21F-4BCD-A2B9-CAFDA0C370BD}.SingleImage|x64.ActiveCfg = Release|x64
		{96954C4E-A21F-4BCD-A2B9-CAFDA0C370BD}.SingleImage|x64.Build.0 = Release|x64
		{96954C4E-A21F-4BCD-A2B9-CAFDA0C370BD}.SingleImage|x86.ActiveCfg = Release|x86
		{96954C4E-A21F-4BCD-A2B9-CAFDA0C370BD}.SingleImage|x86.Build.0 = Release|x86
		{9E2CBD3F-91DA-46A7-BC62-C04093AAC116}.CD_ROM|Any CPU.ActiveCfg = Release|Any CPU
		{9E2CBD3F-91DA-46A7-BC62-C04093AAC116}.CD_ROM|Any CPU.Build.0 = Release|Any CPU
		{9E2CBD3F-91DA-46A7-BC62-C04093AAC116}.CD_ROM|x64.ActiveCfg = Release|x64
		{9E2CBD3F-91DA-46A7-BC62-C04093AAC116}.CD_ROM|x64.Build.0 = Release|x64
		{9E2CBD3F-91DA-46A7-BC62-C04093AAC116}.CD_ROM|x86.ActiveCfg = Release|x86
		{9E2CBD3F-91DA-46A7-BC62-C04093AAC116}.CD_ROM|x86.Build.0 = Release|x86
		{9E2CBD3F-91DA-46A7-BC62-C04093AAC116}.Debug|Any CPU.ActiveCfg = Debug|Any CPU
		{9E2CBD3F-91DA-46A7-BC62-C04093AAC116}.Debug|Any CPU.Build.0 = Debug|Any CPU
		{9E2CBD3F-91DA-46A7-BC62-C04093AAC116}.Debug|x64.ActiveCfg = Debug|x64
		{9E2CBD3F-91DA-46A7-BC62-C04093AAC116}.Debug|x64.Build.0 = Debug|x64
		{9E2CBD3F-91DA-46A7-BC62-C04093AAC116}.Debug|x86.ActiveCfg = Debug|x86
		{9E2CBD3F-91DA-46A7-BC62-C04093AAC116}.Debug|x86.Build.0 = Debug|x86
		{9E2CBD3F-91DA-46A7-BC62-C04093AAC116}.DVD-5|Any CPU.ActiveCfg = Debug|Any CPU
		{9E2CBD3F-91DA-46A7-BC62-C04093AAC116}.DVD-5|Any CPU.Build.0 = Debug|Any CPU
		{9E2CBD3F-91DA-46A7-BC62-C04093AAC116}.DVD-5|x64.ActiveCfg = Debug|x64
		{9E2CBD3F-91DA-46A7-BC62-C04093AAC116}.DVD-5|x64.Build.0 = Debug|x64
		{9E2CBD3F-91DA-46A7-BC62-C04093AAC116}.DVD-5|x86.ActiveCfg = Debug|x86
		{9E2CBD3F-91DA-46A7-BC62-C04093AAC116}.DVD-5|x86.Build.0 = Debug|x86
		{9E2CBD3F-91DA-46A7-BC62-C04093AAC116}.Release|Any CPU.ActiveCfg = Release|Any CPU
		{9E2CBD3F-91DA-46A7-BC62-C04093AAC116}.Release|Any CPU.Build.0 = Release|Any CPU
		{9E2CBD3F-91DA-46A7-BC62-C04093AAC116}.Release|x64.ActiveCfg = Release|x64
		{9E2CBD3F-91DA-46A7-BC62-C04093AAC116}.Release|x64.Build.0 = Release|x64
		{9E2CBD3F-91DA-46A7-BC62-C04093AAC116}.Release|x86.ActiveCfg = Release|x86
		{9E2CBD3F-91DA-46A7-BC62-C04093AAC116}.Release|x86.Build.0 = Release|x86
		{9E2CBD3F-91DA-46A7-BC62-C04093AAC116}.SingleImage|Any CPU.ActiveCfg = Release|Any CPU
		{9E2CBD3F-91DA-46A7-BC62-C04093AAC116}.SingleImage|Any CPU.Build.0 = Release|Any CPU
		{9E2CBD3F-91DA-46A7-BC62-C04093AAC116}.SingleImage|x64.ActiveCfg = Release|x64
		{9E2CBD3F-91DA-46A7-BC62-C04093AAC116}.SingleImage|x64.Build.0 = Release|x64
		{9E2CBD3F-91DA-46A7-BC62-C04093AAC116}.SingleImage|x86.ActiveCfg = Release|x86
		{9E2CBD3F-91DA-46A7-BC62-C04093AAC116}.SingleImage|x86.Build.0 = Release|x86
		{577589B6-BEC9-412B-B40E-E50E50F99AAC}.CD_ROM|Any CPU.ActiveCfg = Release|Any CPU
		{577589B6-BEC9-412B-B40E-E50E50F99AAC}.CD_ROM|Any CPU.Build.0 = Release|Any CPU
		{577589B6-BEC9-412B-B40E-E50E50F99AAC}.CD_ROM|x64.ActiveCfg = Release|x64
		{577589B6-BEC9-412B-B40E-E50E50F99AAC}.CD_ROM|x64.Build.0 = Release|x64
		{577589B6-BEC9-412B-B40E-E50E50F99AAC}.CD_ROM|x86.ActiveCfg = Release|x86
		{577589B6-BEC9-412B-B40E-E50E50F99AAC}.CD_ROM|x86.Build.0 = Release|x86
		{577589B6-BEC9-412B-B40E-E50E50F99AAC}.Debug|Any CPU.ActiveCfg = Debug|Any CPU
		{577589B6-BEC9-412B-B40E-E50E50F99AAC}.Debug|Any CPU.Build.0 = Debug|Any CPU
		{577589B6-BEC9-412B-B40E-E50E50F99AAC}.Debug|x64.ActiveCfg = Debug|x64
		{577589B6-BEC9-412B-B40E-E50E50F99AAC}.Debug|x64.Build.0 = Debug|x64
		{577589B6-BEC9-412B-B40E-E50E50F99AAC}.Debug|x86.ActiveCfg = Debug|x86
		{577589B6-BEC9-412B-B40E-E50E50F99AAC}.Debug|x86.Build.0 = Debug|x86
		{577589B6-BEC9-412B-B40E-E50E50F99AAC}.DVD-5|Any CPU.ActiveCfg = Debug|Any CPU
		{577589B6-BEC9-412B-B40E-E50E50F99AAC}.DVD-5|Any CPU.Build.0 = Debug|Any CPU
		{577589B6-BEC9-412B-B40E-E50E50F99AAC}.DVD-5|x64.ActiveCfg = Debug|x64
		{577589B6-BEC9-412B-B40E-E50E50F99AAC}.DVD-5|x64.Build.0 = Debug|x64
		{577589B6-BEC9-412B-B40E-E50E50F99AAC}.DVD-5|x86.ActiveCfg = Debug|x86
		{577589B6-BEC9-412B-B40E-E50E50F99AAC}.DVD-5|x86.Build.0 = Debug|x86
		{577589B6-BEC9-412B-B40E-E50E50F99AAC}.Release|Any CPU.ActiveCfg = Release|Any CPU
		{577589B6-BEC9-412B-B40E-E50E50F99AAC}.Release|Any CPU.Build.0 = Release|Any CPU
		{577589B6-BEC9-412B-B40E-E50E50F99AAC}.Release|x64.ActiveCfg = Release|x64
		{577589B6-BEC9-412B-B40E-E50E50F99AAC}.Release|x64.Build.0 = Release|x64
		{577589B6-BEC9-412B-B40E-E50E50F99AAC}.Release|x86.ActiveCfg = Release|x86
		{577589B6-BEC9-412B-B40E-E50E50F99AAC}.Release|x86.Build.0 = Release|x86
		{577589B6-BEC9-412B-B40E-E50E50F99AAC}.SingleImage|Any CPU.ActiveCfg = Release|Any CPU
		{577589B6-BEC9-412B-B40E-E50E50F99AAC}.SingleImage|Any CPU.Build.0 = Release|Any CPU
		{577589B6-BEC9-412B-B40E-E50E50F99AAC}.SingleImage|x64.ActiveCfg = Release|x64
		{577589B6-BEC9-412B-B40E-E50E50F99AAC}.SingleImage|x64.Build.0 = Release|x64
		{577589B6-BEC9-412B-B40E-E50E50F99AAC}.SingleImage|x86.ActiveCfg = Release|x86
		{577589B6-BEC9-412B-B40E-E50E50F99AAC}.SingleImage|x86.Build.0 = Release|x86
		{E99068CD-2097-4C32-A9E8-A5C937A59102}.CD_ROM|Any CPU.ActiveCfg = Release|Any CPU
		{E99068CD-2097-4C32-A9E8-A5C937A59102}.CD_ROM|Any CPU.Build.0 = Release|Any CPU
		{E99068CD-2097-4C32-A9E8-A5C937A59102}.CD_ROM|x64.ActiveCfg = Release|x64
		{E99068CD-2097-4C32-A9E8-A5C937A59102}.CD_ROM|x64.Build.0 = Release|x64
		{E99068CD-2097-4C32-A9E8-A5C937A59102}.CD_ROM|x86.ActiveCfg = Release|x86
		{E99068CD-2097-4C32-A9E8-A5C937A59102}.CD_ROM|x86.Build.0 = Release|x86
		{E99068CD-2097-4C32-A9E8-A5C937A59102}.Debug|Any CPU.ActiveCfg = Debug|Any CPU
		{E99068CD-2097-4C32-A9E8-A5C937A59102}.Debug|Any CPU.Build.0 = Debug|Any CPU
		{E99068CD-2097-4C32-A9E8-A5C937A59102}.Debug|x64.ActiveCfg = Debug|x64
		{E99068CD-2097-4C32-A9E8-A5C937A59102}.Debug|x64.Build.0 = Debug|x64
		{E99068CD-2097-4C32-A9E8-A5C937A59102}.Debug|x86.ActiveCfg = Debug|x86
		{E99068CD-2097-4C32-A9E8-A5C937A59102}.Debug|x86.Build.0 = Debug|x86
		{E99068CD-2097-4C32-A9E8-A5C937A59102}.DVD-5|Any CPU.ActiveCfg = Debug|Any CPU
		{E99068CD-2097-4C32-A9E8-A5C937A59102}.DVD-5|Any CPU.Build.0 = Debug|Any CPU
		{E99068CD-2097-4C32-A9E8-A5C937A59102}.DVD-5|x64.ActiveCfg = Debug|x64
		{E99068CD-2097-4C32-A9E8-A5C937A59102}.DVD-5|x64.Build.0 = Debug|x64
		{E99068CD-2097-4C32-A9E8-A5C937A59102}.DVD-5|x86.ActiveCfg = Debug|x86
		{E99068CD-2097-4C32-A9E8-A5C937A59102}.DVD-5|x86.Build.0 = Debug|x86
		{E99068CD-2097-4C32-A9E8-A5C937A59102}.Release|Any CPU.ActiveCfg = Release|Any CPU
		{E99068CD-2097-4C32-A9E8-A5C937A59102}.Release|Any CPU.Build.0 = Release|Any CPU
		{E99068CD-2097-4C32-A9E8-A5C937A59102}.Release|x64.ActiveCfg = Release|x64
		{E99068CD-2097-4C32-A9E8-A5C937A59102}.Release|x64.Build.0 = Release|x64
		{E99068CD-2097-4C32-A9E8-A5C937A59102}.Release|x86.ActiveCfg = Release|x86
		{E99068CD-2097-4C32-A9E8-A5C937A59102}.Release|x86.Build.0 = Release|x86
		{E99068CD-2097-4C32-A9E8-A5C937A59102}.SingleImage|Any CPU.ActiveCfg = Release|Any CPU
		{E99068CD-2097-4C32-A9E8-A5C937A59102}.SingleImage|Any CPU.Build.0 = Release|Any CPU
		{E99068CD-2097-4C32-A9E8-A5C937A59102}.SingleImage|x64.ActiveCfg = Release|x64
		{E99068CD-2097-4C32-A9E8-A5C937A59102}.SingleImage|x64.Build.0 = Release|x64
		{E99068CD-2097-4C32-A9E8-A5C937A59102}.SingleImage|x86.ActiveCfg = Release|x86
		{E99068CD-2097-4C32-A9E8-A5C937A59102}.SingleImage|x86.Build.0 = Release|x86
		{5AEE650F-8ACB-4D25-87DD-59803F9628E4}.CD_ROM|Any CPU.ActiveCfg = Release|Any CPU
		{5AEE650F-8ACB-4D25-87DD-59803F9628E4}.CD_ROM|x64.ActiveCfg = Debug|Any CPU
		{5AEE650F-8ACB-4D25-87DD-59803F9628E4}.CD_ROM|x86.ActiveCfg = Debug|Any CPU
		{5AEE650F-8ACB-4D25-87DD-59803F9628E4}.Debug|Any CPU.ActiveCfg = Debug|Any CPU
		{5AEE650F-8ACB-4D25-87DD-59803F9628E4}.Debug|Any CPU.Build.0 = Debug|Any CPU
		{5AEE650F-8ACB-4D25-87DD-59803F9628E4}.Debug|x64.ActiveCfg = Debug|Any CPU
		{5AEE650F-8ACB-4D25-87DD-59803F9628E4}.Debug|x86.ActiveCfg = Debug|Any CPU
		{5AEE650F-8ACB-4D25-87DD-59803F9628E4}.DVD-5|Any CPU.ActiveCfg = Debug|Any CPU
		{5AEE650F-8ACB-4D25-87DD-59803F9628E4}.DVD-5|x64.ActiveCfg = Debug|Any CPU
		{5AEE650F-8ACB-4D25-87DD-59803F9628E4}.DVD-5|x86.ActiveCfg = Debug|Any CPU
		{5AEE650F-8ACB-4D25-87DD-59803F9628E4}.Release|Any CPU.ActiveCfg = Release|Any CPU
		{5AEE650F-8ACB-4D25-87DD-59803F9628E4}.Release|Any CPU.Build.0 = Release|Any CPU
		{5AEE650F-8ACB-4D25-87DD-59803F9628E4}.Release|x64.ActiveCfg = Release|Any CPU
		{5AEE650F-8ACB-4D25-87DD-59803F9628E4}.Release|x86.ActiveCfg = Release|Any CPU
		{5AEE650F-8ACB-4D25-87DD-59803F9628E4}.SingleImage|Any CPU.ActiveCfg = Release|Any CPU
		{5AEE650F-8ACB-4D25-87DD-59803F9628E4}.SingleImage|x64.ActiveCfg = Debug|Any CPU
		{5AEE650F-8ACB-4D25-87DD-59803F9628E4}.SingleImage|x86.ActiveCfg = Debug|Any CPU
		{A98A8E4C-74B5-405B-9C8C-545D739B56E7}.CD_ROM|Any CPU.ActiveCfg = Release|Any CPU
		{A98A8E4C-74B5-405B-9C8C-545D739B56E7}.CD_ROM|x64.ActiveCfg = Debug|Any CPU
		{A98A8E4C-74B5-405B-9C8C-545D739B56E7}.CD_ROM|x86.ActiveCfg = Debug|Any CPU
		{A98A8E4C-74B5-405B-9C8C-545D739B56E7}.Debug|Any CPU.ActiveCfg = Debug|Any CPU
		{A98A8E4C-74B5-405B-9C8C-545D739B56E7}.Debug|Any CPU.Build.0 = Debug|Any CPU
		{A98A8E4C-74B5-405B-9C8C-545D739B56E7}.Debug|x64.ActiveCfg = Debug|Any CPU
		{A98A8E4C-74B5-405B-9C8C-545D739B56E7}.Debug|x86.ActiveCfg = Debug|Any CPU
		{A98A8E4C-74B5-405B-9C8C-545D739B56E7}.DVD-5|Any CPU.ActiveCfg = Debug|Any CPU
		{A98A8E4C-74B5-405B-9C8C-545D739B56E7}.DVD-5|x64.ActiveCfg = Debug|Any CPU
		{A98A8E4C-74B5-405B-9C8C-545D739B56E7}.DVD-5|x86.ActiveCfg = Debug|Any CPU
		{A98A8E4C-74B5-405B-9C8C-545D739B56E7}.Release|Any CPU.ActiveCfg = Release|Any CPU
		{A98A8E4C-74B5-405B-9C8C-545D739B56E7}.Release|Any CPU.Build.0 = Release|Any CPU
		{A98A8E4C-74B5-405B-9C8C-545D739B56E7}.Release|x64.ActiveCfg = Release|Any CPU
		{A98A8E4C-74B5-405B-9C8C-545D739B56E7}.Release|x86.ActiveCfg = Release|Any CPU
		{A98A8E4C-74B5-405B-9C8C-545D739B56E7}.SingleImage|Any CPU.ActiveCfg = Release|Any CPU
		{A98A8E4C-74B5-405B-9C8C-545D739B56E7}.SingleImage|x64.ActiveCfg = Debug|Any CPU
		{A98A8E4C-74B5-405B-9C8C-545D739B56E7}.SingleImage|x86.ActiveCfg = Debug|Any CPU
		{B10F5D1E-2028-4462-823A-4E40E75016AC}.CD_ROM|Any CPU.ActiveCfg = Release|Any CPU
		{B10F5D1E-2028-4462-823A-4E40E75016AC}.CD_ROM|Any CPU.Build.0 = Release|Any CPU
		{B10F5D1E-2028-4462-823A-4E40E75016AC}.CD_ROM|x64.ActiveCfg = Release|x64
		{B10F5D1E-2028-4462-823A-4E40E75016AC}.CD_ROM|x64.Build.0 = Release|x64
		{B10F5D1E-2028-4462-823A-4E40E75016AC}.CD_ROM|x86.ActiveCfg = Release|x86
		{B10F5D1E-2028-4462-823A-4E40E75016AC}.CD_ROM|x86.Build.0 = Release|x86
		{B10F5D1E-2028-4462-823A-4E40E75016AC}.Debug|Any CPU.ActiveCfg = Debug|Any CPU
		{B10F5D1E-2028-4462-823A-4E40E75016AC}.Debug|Any CPU.Build.0 = Debug|Any CPU
		{B10F5D1E-2028-4462-823A-4E40E75016AC}.Debug|x64.ActiveCfg = Debug|x64
		{B10F5D1E-2028-4462-823A-4E40E75016AC}.Debug|x64.Build.0 = Debug|x64
		{B10F5D1E-2028-4462-823A-4E40E75016AC}.Debug|x86.ActiveCfg = Debug|x86
		{B10F5D1E-2028-4462-823A-4E40E75016AC}.Debug|x86.Build.0 = Debug|x86
		{B10F5D1E-2028-4462-823A-4E40E75016AC}.DVD-5|Any CPU.ActiveCfg = Debug|Any CPU
		{B10F5D1E-2028-4462-823A-4E40E75016AC}.DVD-5|Any CPU.Build.0 = Debug|Any CPU
		{B10F5D1E-2028-4462-823A-4E40E75016AC}.DVD-5|x64.ActiveCfg = Debug|x64
		{B10F5D1E-2028-4462-823A-4E40E75016AC}.DVD-5|x64.Build.0 = Debug|x64
		{B10F5D1E-2028-4462-823A-4E40E75016AC}.DVD-5|x86.ActiveCfg = Debug|x86
		{B10F5D1E-2028-4462-823A-4E40E75016AC}.DVD-5|x86.Build.0 = Debug|x86
		{B10F5D1E-2028-4462-823A-4E40E75016AC}.Release|Any CPU.ActiveCfg = Release|Any CPU
		{B10F5D1E-2028-4462-823A-4E40E75016AC}.Release|Any CPU.Build.0 = Release|Any CPU
		{B10F5D1E-2028-4462-823A-4E40E75016AC}.Release|x64.ActiveCfg = Release|x64
		{B10F5D1E-2028-4462-823A-4E40E75016AC}.Release|x64.Build.0 = Release|x64
		{B10F5D1E-2028-4462-823A-4E40E75016AC}.Release|x86.ActiveCfg = Release|x86
		{B10F5D1E-2028-4462-823A-4E40E75016AC}.Release|x86.Build.0 = Release|x86
		{B10F5D1E-2028-4462-823A-4E40E75016AC}.SingleImage|Any CPU.ActiveCfg = Release|Any CPU
		{B10F5D1E-2028-4462-823A-4E40E75016AC}.SingleImage|Any CPU.Build.0 = Release|Any CPU
		{B10F5D1E-2028-4462-823A-4E40E75016AC}.SingleImage|x64.ActiveCfg = Release|x64
		{B10F5D1E-2028-4462-823A-4E40E75016AC}.SingleImage|x64.Build.0 = Release|x64
		{B10F5D1E-2028-4462-823A-4E40E75016AC}.SingleImage|x86.ActiveCfg = Release|x86
		{B10F5D1E-2028-4462-823A-4E40E75016AC}.SingleImage|x86.Build.0 = Release|x86
		{DEB5A471-4837-42DA-B639-8F86BFECD698}.CD_ROM|Any CPU.ActiveCfg = Release|Any CPU
		{DEB5A471-4837-42DA-B639-8F86BFECD698}.CD_ROM|Any CPU.Build.0 = Release|Any CPU
		{DEB5A471-4837-42DA-B639-8F86BFECD698}.CD_ROM|x64.ActiveCfg = Release|x64
		{DEB5A471-4837-42DA-B639-8F86BFECD698}.CD_ROM|x64.Build.0 = Release|x64
		{DEB5A471-4837-42DA-B639-8F86BFECD698}.CD_ROM|x86.ActiveCfg = Release|x86
		{DEB5A471-4837-42DA-B639-8F86BFECD698}.CD_ROM|x86.Build.0 = Release|x86
		{DEB5A471-4837-42DA-B639-8F86BFECD698}.Debug|Any CPU.ActiveCfg = Debug|Any CPU
		{DEB5A471-4837-42DA-B639-8F86BFECD698}.Debug|Any CPU.Build.0 = Debug|Any CPU
		{DEB5A471-4837-42DA-B639-8F86BFECD698}.Debug|x64.ActiveCfg = Debug|x64
		{DEB5A471-4837-42DA-B639-8F86BFECD698}.Debug|x64.Build.0 = Debug|x64
		{DEB5A471-4837-42DA-B639-8F86BFECD698}.Debug|x86.ActiveCfg = Debug|x86
		{DEB5A471-4837-42DA-B639-8F86BFECD698}.Debug|x86.Build.0 = Debug|x86
		{DEB5A471-4837-42DA-B639-8F86BFECD698}.DVD-5|Any CPU.ActiveCfg = Debug|Any CPU
		{DEB5A471-4837-42DA-B639-8F86BFECD698}.DVD-5|Any CPU.Build.0 = Debug|Any CPU
		{DEB5A471-4837-42DA-B639-8F86BFECD698}.DVD-5|x64.ActiveCfg = Debug|x64
		{DEB5A471-4837-42DA-B639-8F86BFECD698}.DVD-5|x64.Build.0 = Debug|x64
		{DEB5A471-4837-42DA-B639-8F86BFECD698}.DVD-5|x86.ActiveCfg = Debug|x86
		{DEB5A471-4837-42DA-B639-8F86BFECD698}.DVD-5|x86.Build.0 = Debug|x86
		{DEB5A471-4837-42DA-B639-8F86BFECD698}.Release|Any CPU.ActiveCfg = Release|Any CPU
		{DEB5A471-4837-42DA-B639-8F86BFECD698}.Release|Any CPU.Build.0 = Release|Any CPU
		{DEB5A471-4837-42DA-B639-8F86BFECD698}.Release|x64.ActiveCfg = Release|x64
		{DEB5A471-4837-42DA-B639-8F86BFECD698}.Release|x64.Build.0 = Release|x64
		{DEB5A471-4837-42DA-B639-8F86BFECD698}.Release|x86.ActiveCfg = Release|x86
		{DEB5A471-4837-42DA-B639-8F86BFECD698}.Release|x86.Build.0 = Release|x86
		{DEB5A471-4837-42DA-B639-8F86BFECD698}.SingleImage|Any CPU.ActiveCfg = Release|Any CPU
		{DEB5A471-4837-42DA-B639-8F86BFECD698}.SingleImage|Any CPU.Build.0 = Release|Any CPU
		{DEB5A471-4837-42DA-B639-8F86BFECD698}.SingleImage|x64.ActiveCfg = Release|x64
		{DEB5A471-4837-42DA-B639-8F86BFECD698}.SingleImage|x64.Build.0 = Release|x64
		{DEB5A471-4837-42DA-B639-8F86BFECD698}.SingleImage|x86.ActiveCfg = Release|x86
		{DEB5A471-4837-42DA-B639-8F86BFECD698}.SingleImage|x86.Build.0 = Release|x86
	EndGlobalSection
	GlobalSection(SolutionProperties) = preSolution
		HideSolutionNode = FALSE
	EndGlobalSection
EndGlobal
